{
  "name": "demo",
  "version": "1.0.0",
  "lockfileVersion": 1,
  "requires": true,
  "dependencies": {
    "argparse": {
      "version": "1.0.10",
      "resolved": "https://registry.npmjs.org/argparse/-/argparse-1.0.10.tgz",
      "integrity": "sha512-o5Roy6tNG4SL/FOkCAN6RzjiakZS25RLYFrcMttJqbdd8BWrnA+fGz57iN5Pb06pvBGvl5gQ0B48dJlslXvoTg==",
      "requires": {
        "sprintf-js": "1.0.3"
      }
    },
    "cron-converter": {
      "version": "0.0.12",
      "resolved": "https://registry.npmjs.org/cron-converter/-/cron-converter-0.0.12.tgz",
      "integrity": "sha512-JXVOF2i5AyoNoXiDpAMwSezdfP6ycQmClpQjbDEqhlVZNNFTXzd7tgn9Tl2wRm8131lYY+zcvk1yBoMj0eExlQ==",
      "requires": {
        "moment-timezone": "0.5.14",
        "sprintf-js": "1.0.3"
      }
    },
    "deep-equal": {
      "version": "1.0.1",
      "resolved": "https://registry.npmjs.org/deep-equal/-/deep-equal-1.0.1.tgz",
      "integrity": "sha1-9dJgKStmDghO/0zbyfCK0yR0SLU="
    },
    "local-crontab": {
      "version": "0.1.4",
      "resolved": "https://registry.npmjs.org/local-crontab/-/local-crontab-0.1.4.tgz",
      "integrity": "sha1-ZAezpt+FEKA/cphUTJqQyrk5VyI=",
      "requires": {
        "argparse": "1.0.10",
        "cron-converter": "0.0.12",
        "deep-equal": "1.0.1",
        "timezone-js": "0.4.13",
        "tzdata": "1.0.9"
      }
    },
    "mobius1-selectr": {
      "version": "2.4.1",
      "resolved": "https://registry.npmjs.org/mobius1-selectr/-/mobius1-selectr-2.4.1.tgz",
      "integrity": "sha512-neWBV/ew/wxUvj1mVkTKpFXsMIC2T5/usTFmlsOUXt1919y6IMhRMULXTqFxMoAihaRtI98zCE5ckgTMj9aDBQ=="
    },
    "moment": {
      "version": "2.21.0",
      "resolved": "https://registry.npmjs.org/moment/-/moment-2.21.0.tgz",
      "integrity": "sha512-TCZ36BjURTeFTM/CwRcViQlfkMvL1/vFISuNLO5GkcVm1+QHfbSiNqZuWeMFjj1/3+uAjXswgRk30j1kkLYJBQ=="
    },
    "moment-timezone": {
      "version": "0.5.14",
      "resolved": "https://registry.npmjs.org/moment-timezone/-/moment-timezone-0.5.14.tgz",
      "integrity": "sha1-TrOP+VOLgBCLpGekWPPtQmjM/LE=",
      "requires": {
        "moment": "2.21.0"
      }
    },
    "sprintf-js": {
      "version": "1.0.3",
      "resolved": "https://registry.npmjs.org/sprintf-js/-/sprintf-js-1.0.3.tgz",
      "integrity": "sha1-BOaSb2YolTVPPdAVIDYzuFcpfiw="
    },
    "timezone-js": {
      "version": "0.4.13",
      "resolved": "https://registry.npmjs.org/timezone-js/-/timezone-js-0.4.13.tgz",
      "integrity": "sha1-T9CdlRAH1STbANrbdfpbWfnSy6w="
    },
    "tzdata": {
      "version": "1.0.9",
      "resolved": "https://registry.npmjs.org/tzdata/-/tzdata-1.0.9.tgz",
      "integrity": "sha512-Yj8L36KMS1cLP67y/V3CiZYzTMeKGzTr/TwGoPYJOY0iyEyiGTHIiq9W8tBE0frmOwUM7K9ALemX9bLWMLyOQQ=="
    }
  }
}
